
Microsoft Visual Studio Solution File, Format Version 12.00
Project("{FAE04EC0-301F-11D3-BF4B-00C04F79EFBC}") = "Martius", "Martius\Martius.csproj", "{91BB0689-43F5-4E2E-93A7-F9628BE55BA7}"
EndProject
Project("{FAE04EC0-301F-11D3-BF4B-00C04F79EFBC}") = "Martius.App", "Martius.App\Martius.App.csproj", "{C17F35AB-4016-4EB4-BBE8-D2274A41A371}"
EndProject
Project("{FAE04EC0-301F-11D3-BF4B-00C04F79EFBC}") = "Martius.Tests", "Martius.Tests\Martius.Tests.csproj", "{72F2ADFF-0C97-4497-B8AA-974993314582}"
EndProject
Global
	GlobalSection(SolutionConfigurationPlatforms) = preSolution
		Debug|Any CPU = Debug|Any CPU
		Release|Any CPU = Release|Any CPU
	EndGlobalSection
	GlobalSection(ProjectConfigurationPlatforms) = postSolution
		{91BB0689-43F5-4E2E-93A7-F9628BE55BA7}.Debug|Any CPU.ActiveCfg = Debug|Any CPU
		{91BB0689-43F5-4E2E-93A7-F9628BE55BA7}.Debug|Any CPU.Build.0 = Debug|Any CPU
		{91BB0689-43F5-4E2E-93A7-F9628BE55BA7}.Release|Any CPU.ActiveCfg = Release|Any CPU
		{91BB0689-43F5-4E2E-93A7-F9628BE55BA7}.Release|Any CPU.Build.0 = Release|Any CPU
		{C17F35AB-4016-4EB4-BBE8-D2274A41A371}.Debug|Any CPU.ActiveCfg = Debug|Any CPU
		{C17F35AB-4016-4EB4-BBE8-D2274A41A371}.Debug|Any CPU.Build.0 = Debug|Any CPU
		{C17F35AB-4016-4EB4-BBE8-D2274A41A371}.Release|Any CPU.ActiveCfg = Release|Any CPU
		{C17F35AB-4016-4EB4-BBE8-D2274A41A371}.Release|Any CPU.Build.0 = Release|Any CPU
		{72F2ADFF-0C97-4497-B8AA-974993314582}.Debug|Any CPU.ActiveCfg = Debug|Any CPU
		{72F2ADFF-0C97-4497-B8AA-974993314582}.Debug|Any CPU.Build.0 = Debug|Any CPU
		{72F2ADFF-0C97-4497-B8AA-974993314582}.Release|Any CPU.ActiveCfg = Release|Any CPU
		{72F2ADFF-0C97-4497-B8AA-974993314582}.Release|Any CPU.Build.0 = Release|Any CPU
	EndGlobalSection
EndGlobal
